
Microsoft Visual Studio Solution File, Format Version 12.00
# Visual Studio Version 17
VisualStudioVersion = 17.2.32526.322
MinimumVisualStudioVersion = 10.0.40219.1
Project("{FAE04EC0-301F-11D3-BF4B-00C04F79EFBC}") = "MyExpenseApi", "MyExpenseApi\MyExpenseApi.csproj", "{D6186329-5EEB-4A22-A6FF-54399ED075E7}"
EndProject
Global
	GlobalSection(SolutionConfigurationPlatforms) = preSolution
		Debug|Any CPU = Debug|Any CPU
		Release|Any CPU = Release|Any CPU
	EndGlobalSection
	GlobalSection(ProjectConfigurationPlatforms) = postSolution
		{D6186329-5EEB-4A22-A6FF-54399ED075E7}.Debug|Any CPU.ActiveCfg = Debug|Any CPU
		{D6186329-5EEB-4A22-A6FF-54399ED075E7}.Debug|Any CPU.Build.0 = Debug|Any CPU
		{D6186329-5EEB-4A22-A6FF-54399ED075E7}.Release|Any CPU.ActiveCfg = Release|Any CPU
		{D6186329-5EEB-4A22-A6FF-54399ED075E7}.Release|Any CPU.Build.0 = Release|Any CPU
	EndGlobalSection
	GlobalSection(SolutionProperties) = preSolution
		HideSolutionNode = FALSE
	EndGlobalSection
	GlobalSection(ExtensibilityGlobals) = postSolution
		SolutionGuid = {6EB0CD1E-8852-4184-90CA-3478B82BE38E}
	EndGlobalSection
EndGlobal
